
Microsoft Visual Studio Solution File, Format Version 12.00
# Visual Studio 15
VisualStudioVersion = 15.0.28307.421
MinimumVisualStudioVersion = 10.0.40219.1
Project("{2150E333-8FDC-42A3-9474-1A3956D46DE8}") = "src", "src", "{59A30D39-7C06-43FA-9703-3558C341D475}"
EndProject
Project("{2150E333-8FDC-42A3-9474-1A3956D46DE8}") = "Client", "Client", "{D2CA2722-FF79-4657-9F27-891D72943FD5}"
EndProject
Project("{FAE04EC0-301F-11D3-BF4B-00C04F79EFBC}") = "CSM.WebApp", "src\Client\CSM.WebApp\CSM.WebApp.csproj", "{E05D10D7-731D-4243-A25A-350E905F8DB1}"
EndProject
Project("{2150E333-8FDC-42A3-9474-1A3956D46DE8}") = "Core", "Core", "{0167047C-534B-4288-806D-72D8B1CEB9DD}"
EndProject
Project("{2150E333-8FDC-42A3-9474-1A3956D46DE8}") = "Infrastructure", "Infrastructure", "{909A394C-ADC7-4674-92C9-CD8BC03A2E89}"
EndProject
Project("{FAE04EC0-301F-11D3-BF4B-00C04F79EFBC}") = "CSM.Domain.Entities", "src\Core\CSM.Domain.Entities\CSM.Domain.Entities.csproj", "{2816B9ED-9A09-45E4-B62B-0F5268184EAA}"
EndProject
Project("{FAE04EC0-301F-11D3-BF4B-00C04F79EFBC}") = "CSM.Domain.Interfaces", "src\Core\CSM.Domain.Interfaces\CSM.Domain.Interfaces.csproj", "{13A29B3D-58D7-4A32-8799-8AE48431D298}"
EndProject
Project("{FAE04EC0-301F-11D3-BF4B-00C04F79EFBC}") = "CSM.Infrastructure.Data", "src\Infrastructure\CSM.Infrastructure.Data\CSM.Infrastructure.Data.csproj", "{D661971A-124A-4E60-8BF9-45E510030102}"
EndProject
Global
	GlobalSection(SolutionConfigurationPlatforms) = preSolution
		Debug|Any CPU = Debug|Any CPU
		Release|Any CPU = Release|Any CPU
	EndGlobalSection
	GlobalSection(ProjectConfigurationPlatforms) = postSolution
		{E05D10D7-731D-4243-A25A-350E905F8DB1}.Debug|Any CPU.ActiveCfg = Debug|Any CPU
		{E05D10D7-731D-4243-A25A-350E905F8DB1}.Debug|Any CPU.Build.0 = Debug|Any CPU
		{E05D10D7-731D-4243-A25A-350E905F8DB1}.Release|Any CPU.ActiveCfg = Release|Any CPU
		{E05D10D7-731D-4243-A25A-350E905F8DB1}.Release|Any CPU.Build.0 = Release|Any CPU
		{2816B9ED-9A09-45E4-B62B-0F5268184EAA}.Debug|Any CPU.ActiveCfg = Debug|Any CPU
		{2816B9ED-9A09-45E4-B62B-0F5268184EAA}.Debug|Any CPU.Build.0 = Debug|Any CPU
		{2816B9ED-9A09-45E4-B62B-0F5268184EAA}.Release|Any CPU.ActiveCfg = Release|Any CPU
		{2816B9ED-9A09-45E4-B62B-0F5268184EAA}.Release|Any CPU.Build.0 = Release|Any CPU
		{13A29B3D-58D7-4A32-8799-8AE48431D298}.Debug|Any CPU.ActiveCfg = Debug|Any CPU
		{13A29B3D-58D7-4A32-8799-8AE48431D298}.Debug|Any CPU.Build.0 = Debug|Any CPU
		{13A29B3D-58D7-4A32-8799-8AE48431D298}.Release|Any CPU.ActiveCfg = Release|Any CPU
		{13A29B3D-58D7-4A32-8799-8AE48431D298}.Release|Any CPU.Build.0 = Release|Any CPU
		{D661971A-124A-4E60-8BF9-45E510030102}.Debug|Any CPU.ActiveCfg = Debug|Any CPU
		{D661971A-124A-4E60-8BF9-45E510030102}.Debug|Any CPU.Build.0 = Debug|Any CPU
		{D661971A-124A-4E60-8BF9-45E510030102}.Release|Any CPU.ActiveCfg = Release|Any CPU
		{D661971A-124A-4E60-8BF9-45E510030102}.Release|Any CPU.Build.0 = Release|Any CPU
	EndGlobalSection
	GlobalSection(SolutionProperties) = preSolution
		HideSolutionNode = FALSE
	EndGlobalSection
	GlobalSection(NestedProjects) = preSolution
		{D2CA2722-FF79-4657-9F27-891D72943FD5} = {59A30D39-7C06-43FA-9703-3558C341D475}
		{E05D10D7-731D-4243-A25A-350E905F8DB1} = {D2CA2722-FF79-4657-9F27-891D72943FD5}
		{0167047C-534B-4288-806D-72D8B1CEB9DD} = {59A30D39-7C06-43FA-9703-3558C341D475}
		{909A394C-ADC7-4674-92C9-CD8BC03A2E89} = {59A30D39-7C06-43FA-9703-3558C341D475}
		{2816B9ED-9A09-45E4-B62B-0F5268184EAA} = {0167047C-534B-4288-806D-72D8B1CEB9DD}
		{13A29B3D-58D7-4A32-8799-8AE48431D298} = {0167047C-534B-4288-806D-72D8B1CEB9DD}
		{D661971A-124A-4E60-8BF9-45E510030102} = {909A394C-ADC7-4674-92C9-CD8BC03A2E89}
	EndGlobalSection
	GlobalSection(ExtensibilityGlobals) = postSolution
		SolutionGuid = {1CFE8DD5-FFC9-439E-9001-9BF49BBDE130}
	EndGlobalSection
EndGlobal
